
Microsoft Visual Studio Solution File, Format Version 12.00
# Visual Studio Version 16
VisualStudioVersion = 16.0.31624.102
MinimumVisualStudioVersion = 10.0.40219.1
Project("{9A19103F-16F7-4668-BE54-9A1E7A4F7556}") = "RolesAuthorize.Web", "RolesAuthorize.Web\RolesAuthorize.Web.csproj", "{A51ED3B7-EC43-4E99-AC74-87C5C7A8EED5}"
EndProject
Project("{9A19103F-16F7-4668-BE54-9A1E7A4F7556}") = "RolesAuthorize.Core", "RolesAuthorize.Core\RolesAuthorize.Core.csproj", "{2301A1A6-4B1A-434E-A087-C72DE8D785A7}"
EndProject
Project("{9A19103F-16F7-4668-BE54-9A1E7A4F7556}") = "RolesAuthorize.Contracts", "RolesAuthorize.Contracts\RolesAuthorize.Contracts.csproj", "{8844F183-6D39-4822-B2BA-89EE17A4933D}"
EndProject
Global
	GlobalSection(SolutionConfigurationPlatforms) = preSolution
		Debug|Any CPU = Debug|Any CPU
		Release|Any CPU = Release|Any CPU
	EndGlobalSection
	GlobalSection(ProjectConfigurationPlatforms) = postSolution
		{A51ED3B7-EC43-4E99-AC74-87C5C7A8EED5}.Debug|Any CPU.ActiveCfg = Debug|Any CPU
		{A51ED3B7-EC43-4E99-AC74-87C5C7A8EED5}.Debug|Any CPU.Build.0 = Debug|Any CPU
		{A51ED3B7-EC43-4E99-AC74-87C5C7A8EED5}.Release|Any CPU.ActiveCfg = Release|Any CPU
		{A51ED3B7-EC43-4E99-AC74-87C5C7A8EED5}.Release|Any CPU.Build.0 = Release|Any CPU
		{2301A1A6-4B1A-434E-A087-C72DE8D785A7}.Debug|Any CPU.ActiveCfg = Debug|Any CPU
		{2301A1A6-4B1A-434E-A087-C72DE8D785A7}.Debug|Any CPU.Build.0 = Debug|Any CPU
		{2301A1A6-4B1A-434E-A087-C72DE8D785A7}.Release|Any CPU.ActiveCfg = Release|Any CPU
		{2301A1A6-4B1A-434E-A087-C72DE8D785A7}.Release|Any CPU.Build.0 = Release|Any CPU
		{8844F183-6D39-4822-B2BA-89EE17A4933D}.Debug|Any CPU.ActiveCfg = Debug|Any CPU
		{8844F183-6D39-4822-B2BA-89EE17A4933D}.Debug|Any CPU.Build.0 = Debug|Any CPU
		{8844F183-6D39-4822-B2BA-89EE17A4933D}.Release|Any CPU.ActiveCfg = Release|Any CPU
		{8844F183-6D39-4822-B2BA-89EE17A4933D}.Release|Any CPU.Build.0 = Release|Any CPU
	EndGlobalSection
	GlobalSection(SolutionProperties) = preSolution
		HideSolutionNode = FALSE
	EndGlobalSection
	GlobalSection(ExtensibilityGlobals) = postSolution
		SolutionGuid = {12DACD6B-E53A-4551-84AF-575EA7D8AAA0}
	EndGlobalSection
EndGlobal
